schema: '2.0'
stages:
  preprocess:
    cmd: python src/data/preprocess.py
    deps:
    - path: data/pollution.csv
      hash: md5
      md5: c50993a329efa65dc08a36384576756e
      size: 2010492
    - path: src/data/preprocess.py
      hash: md5
      md5: b09cd08c4735d7c44afab6cb3646babf
      size: 1133
    outs:
    - path: data/processed
      hash: md5
      md5: 9b4670ff856b263be06cfee633d2df2e.dir
      size: 2922637
      nfiles: 2
  train:
    cmd: python src/models/train.py
    deps:
    - path: data/processed
      hash: md5
      md5: 9b4670ff856b263be06cfee633d2df2e.dir
      size: 2922637
      nfiles: 2
    - path: src/models/train.py
      hash: md5
      md5: dc29600ff3083aa9db08acc6150acd8e
      size: 1672
    params:
      params.yaml:
        train.max_depth: 15
        train.n_estimators: 100
